{
  "version": 4,
  "terraform_version": "1.13.3",
  "serial": 12,
  "lineage": "041367ba-a1e9-0453-b3b2-6504406baaf7",
  "outputs": {},
  "resources": [
    {
      "mode": "data",
      "type": "archive_file",
      "name": "lambda_zip",
      "provider": "provider[\"registry.terraform.io/hashicorp/archive\"]",
      "instances": [
        {
          "schema_version": 0,
          "attributes": {
            "exclude_symlink_directories": null,
            "excludes": null,
            "id": "e93a924e226e4b47e216709aff209aee4041886a",
            "output_base64sha256": "Qf9mHCw+6G7PMTR7DeQOm2B4nzMiBQOXDOsz0vF1x7w=",
            "output_base64sha512": "0ott3A+erDXaiIwHUGdhR0xbYVGCUv1ffCW3JDi2vD4jJ5npzBEUv+G8pM9PCExa5TTCQboLplGT+D6L5KQqGA==",
            "output_file_mode": null,
            "output_md5": "a6c7d7dd4c669ca443362d6f8c9ac881",
            "output_path": "lambda_function_payload.zip",
            "output_sha": "e93a924e226e4b47e216709aff209aee4041886a",
            "output_sha256": "41ff661c2c3ee86ecf31347b0de40e9b60789f33220503970ceb33d2f175c7bc",
            "output_sha512": "d28b6ddc0f9eac35da888c07506761474c5b61518252fd5f7c25b72438b6bc3e232799e9cc1114bfe1bca4cf4f084c5ae534c241ba0ba65193f83e8be4a42a18",
            "output_size": 16887662,
            "source": [],
            "source_content": null,
            "source_content_filename": null,
            "source_dir": "../build/lambda_package",
            "source_file": null,
            "type": "zip"
          },
          "sensitive_attributes": [],
          "identity_schema_version": 0
        }
      ]
    },
    {
      "mode": "managed",
      "type": "aws_iam_policy",
      "name": "lambda_policy",
      "provider": "provider[\"registry.terraform.io/hashicorp/aws\"]",
      "instances": [
        {
          "schema_version": 0,
          "attributes": {
            "arn": "arn:aws:iam::176709028297:policy/weather_lambda_policy",
            "attachment_count": 1,
            "description": "",
            "id": "arn:aws:iam::176709028297:policy/weather_lambda_policy",
            "name": "weather_lambda_policy",
            "name_prefix": "",
            "path": "/",
            "policy": "{\"Statement\":[{\"Action\":[\"logs:CreateLogGroup\",\"logs:CreateLogStream\",\"logs:PutLogEvents\"],\"Effect\":\"Allow\",\"Resource\":\"arn:aws:logs:*:*:*\"},{\"Action\":[\"s3:PutObject\"],\"Effect\":\"Allow\",\"Resource\":[\"arn:aws:s3:::weather-data-lake-bucket/*\"]}],\"Version\":\"2012-10-17\"}",
            "policy_id": "ANPASSJFNZHEZHPHVFRCH",
            "tags": {},
            "tags_all": {}
          },
          "sensitive_attributes": [],
          "identity_schema_version": 0,
          "identity": {
            "arn": "arn:aws:iam::176709028297:policy/weather_lambda_policy"
          },
          "private": "bnVsbA==",
          "dependencies": [
            "aws_s3_bucket.data_lake"
          ]
        }
      ]
    },
    {
      "mode": "managed",
      "type": "aws_iam_role",
      "name": "lambda_execution_role",
      "provider": "provider[\"registry.terraform.io/hashicorp/aws\"]",
      "instances": [
        {
          "schema_version": 0,
          "attributes": {
            "arn": "arn:aws:iam::176709028297:role/terraform-20251014031241703800000001",
            "assume_role_policy": "{\"Statement\":[{\"Action\":\"sts:AssumeRole\",\"Effect\":\"Allow\",\"Principal\":{\"Service\":\"lambda.amazonaws.com\"},\"Sid\":\"\"}],\"Version\":\"2012-10-17\"}",
            "create_date": "2025-10-14T03:12:42Z",
            "description": "",
            "force_detach_policies": false,
            "id": "terraform-20251014031241703800000001",
            "inline_policy": [],
            "managed_policy_arns": [
              "arn:aws:iam::176709028297:policy/weather_lambda_policy"
            ],
            "max_session_duration": 3600,
            "name": "terraform-20251014031241703800000001",
            "name_prefix": "terraform-",
            "path": "/",
            "permissions_boundary": "",
            "tags": {},
            "tags_all": {},
            "unique_id": "AROASSJFNZHEXAUD56BKE"
          },
          "sensitive_attributes": [],
          "identity_schema_version": 0,
          "identity": {
            "account_id": "176709028297",
            "name": "terraform-20251014031241703800000001"
          },
          "private": "bnVsbA=="
        }
      ]
    },
    {
      "mode": "managed",
      "type": "aws_iam_role_policy_attachment",
      "name": "lambda_policy_attachment",
      "provider": "provider[\"registry.terraform.io/hashicorp/aws\"]",
      "instances": [
        {
          "schema_version": 0,
          "attributes": {
            "id": "terraform-20251014031241703800000001/arn:aws:iam::176709028297:policy/weather_lambda_policy",
            "policy_arn": "arn:aws:iam::176709028297:policy/weather_lambda_policy",
            "role": "terraform-20251014031241703800000001"
          },
          "sensitive_attributes": [],
          "identity_schema_version": 0,
          "identity": {
            "account_id": "176709028297",
            "policy_arn": "arn:aws:iam::176709028297:policy/weather_lambda_policy",
            "role": "terraform-20251014031241703800000001"
          },
          "private": "bnVsbA==",
          "dependencies": [
            "aws_iam_policy.lambda_policy",
            "aws_iam_role.lambda_execution_role",
            "aws_s3_bucket.data_lake"
          ]
        }
      ]
    },
    {
      "mode": "managed",
      "type": "aws_lambda_function",
      "name": "weather_ingestion_lambda",
      "provider": "provider[\"registry.terraform.io/hashicorp/aws\"]",
      "instances": [
        {
          "schema_version": 0,
          "attributes": {
            "architectures": [
              "x86_64"
            ],
            "arn": "arn:aws:lambda:us-east-2:176709028297:function:weather_ingestion_recife",
            "code_sha256": "Qf9mHCw+6G7PMTR7DeQOm2B4nzMiBQOXDOsz0vF1x7w=",
            "code_signing_config_arn": "",
            "dead_letter_config": [],
            "description": "",
            "environment": [
              {
                "variables": {
                  "S3_BUCKET_NAME": "weather-data-lake-bucket",
                  "WEATHER_API_KEY": "60b7efadac6f2c4d70273f5abdb0f5a8"
                }
              }
            ],
            "ephemeral_storage": [
              {
                "size": 512
              }
            ],
            "file_system_config": [],
            "filename": "lambda_function_payload.zip",
            "function_name": "weather_ingestion_recife",
            "handler": "index.lambda_handler",
            "id": "weather_ingestion_recife",
            "image_config": [],
            "image_uri": "",
            "invoke_arn": "arn:aws:apigateway:us-east-2:lambda:path/2015-03-31/functions/arn:aws:lambda:us-east-2:176709028297:function:weather_ingestion_recife/invocations",
            "kms_key_arn": "",
            "last_modified": "2025-10-20T21:40:10.000+0000",
            "layers": [],
            "logging_config": [
              {
                "application_log_level": "",
                "log_format": "Text",
                "log_group": "/aws/lambda/weather_ingestion_recife",
                "system_log_level": ""
              }
            ],
            "memory_size": 128,
            "package_type": "Zip",
            "publish": false,
            "qualified_arn": "arn:aws:lambda:us-east-2:176709028297:function:weather_ingestion_recife:$LATEST",
            "qualified_invoke_arn": "arn:aws:apigateway:us-east-2:lambda:path/2015-03-31/functions/arn:aws:lambda:us-east-2:176709028297:function:weather_ingestion_recife:$LATEST/invocations",
            "region": "us-east-2",
            "replace_security_groups_on_destroy": null,
            "replacement_security_group_ids": null,
            "reserved_concurrent_executions": -1,
            "role": "arn:aws:iam::176709028297:role/terraform-20251014031241703800000001",
            "runtime": "python3.9",
            "s3_bucket": null,
            "s3_key": null,
            "s3_object_version": null,
            "signing_job_arn": "",
            "signing_profile_version_arn": "",
            "skip_destroy": false,
            "snap_start": [],
            "source_code_hash": "Qf9mHCw+6G7PMTR7DeQOm2B4nzMiBQOXDOsz0vF1x7w=",
            "source_code_size": 16887662,
            "source_kms_key_arn": "",
            "tags": {},
            "tags_all": {},
            "timeout": 30,
            "timeouts": null,
            "tracing_config": [
              {
                "mode": "PassThrough"
              }
            ],
            "version": "$LATEST",
            "vpc_config": []
          },
          "sensitive_attributes": [
            [
              {
                "type": "get_attr",
                "value": "environment"
              },
              {
                "type": "index",
                "value": {
                  "value": 0,
                  "type": "number"
                }
              },
              {
                "type": "get_attr",
                "value": "variables"
              },
              {
                "type": "index",
                "value": {
                  "value": "WEATHER_API_KEY",
                  "type": "string"
                }
              }
            ]
          ],
          "identity_schema_version": 0,
          "identity": {
            "account_id": "176709028297",
            "function_name": "weather_ingestion_recife",
            "region": "us-east-2"
          },
          "private": "eyJlMmJmYjczMC1lY2FhLTExZTYtOGY4OC0zNDM2M2JjN2M0YzAiOnsiY3JlYXRlIjo2MDAwMDAwMDAwMDAsImRlbGV0ZSI6NjAwMDAwMDAwMDAwLCJ1cGRhdGUiOjYwMDAwMDAwMDAwMH19",
          "dependencies": [
            "aws_iam_role.lambda_execution_role",
            "aws_s3_bucket.data_lake",
            "data.archive_file.lambda_zip"
          ]
        }
      ]
    },
    {
      "mode": "managed",
      "type": "aws_s3_bucket",
      "name": "data_lake",
      "provider": "provider[\"registry.terraform.io/hashicorp/aws\"]",
      "instances": [
        {
          "schema_version": 0,
          "attributes": {
            "acceleration_status": "",
            "acl": null,
            "arn": "arn:aws:s3:::weather-data-lake-bucket",
            "bucket": "weather-data-lake-bucket",
            "bucket_domain_name": "weather-data-lake-bucket.s3.amazonaws.com",
            "bucket_prefix": "",
            "bucket_region": "us-east-2",
            "bucket_regional_domain_name": "weather-data-lake-bucket.s3.us-east-2.amazonaws.com",
            "cors_rule": [],
            "force_destroy": false,
            "grant": [
              {
                "id": "105b9b57af51a5f8d3cc81a8517bef8b0922434bead8043790c5240dec3593d2",
                "permissions": [
                  "FULL_CONTROL"
                ],
                "type": "CanonicalUser",
                "uri": ""
              }
            ],
            "hosted_zone_id": "Z2O1EMRO9K5GLX",
            "id": "weather-data-lake-bucket",
            "lifecycle_rule": [],
            "logging": [],
            "object_lock_configuration": [],
            "object_lock_enabled": false,
            "policy": "",
            "region": "us-east-2",
            "replication_configuration": [],
            "request_payer": "BucketOwner",
            "server_side_encryption_configuration": [
              {
                "rule": [
                  {
                    "apply_server_side_encryption_by_default": [
                      {
                        "kms_master_key_id": "",
                        "sse_algorithm": "AES256"
                      }
                    ],
                    "bucket_key_enabled": false
                  }
                ]
              }
            ],
            "tags": {
              "Name": "Weather Data Lake Bucket",
              "Project": "WeatherDataLake",
              "owner": "DataEngineeringTeam"
            },
            "tags_all": {
              "Name": "Weather Data Lake Bucket",
              "Project": "WeatherDataLake",
              "owner": "DataEngineeringTeam"
            },
            "timeouts": null,
            "versioning": [
              {
                "enabled": false,
                "mfa_delete": false
              }
            ],
            "website": [],
            "website_domain": null,
            "website_endpoint": null
          },
          "sensitive_attributes": [],
          "identity_schema_version": 0,
          "identity": {
            "account_id": "176709028297",
            "bucket": "weather-data-lake-bucket",
            "region": "us-east-2"
          },
          "private": "eyJlMmJmYjczMC1lY2FhLTExZTYtOGY4OC0zNDM2M2JjN2M0YzAiOnsiY3JlYXRlIjoxMjAwMDAwMDAwMDAwLCJkZWxldGUiOjM2MDAwMDAwMDAwMDAsInJlYWQiOjEyMDAwMDAwMDAwMDAsInVwZGF0ZSI6MTIwMDAwMDAwMDAwMH19"
        }
      ]
    }
  ],
  "check_results": null
}
