{
  "version": 4,
  "terraform_version": "1.13.3",
  "serial": 90,
  "lineage": "041367ba-a1e9-0453-b3b2-6504406baaf7",
  "outputs": {},
  "resources": [
    {
      "mode": "data",
      "type": "archive_file",
      "name": "lambda_zip",
      "provider": "provider[\"registry.terraform.io/hashicorp/archive\"]",
      "instances": [
        {
          "schema_version": 0,
          "attributes": {
            "exclude_symlink_directories": null,
            "excludes": null,
            "id": "3fb2fbe190df6964daf761f9a40f514f07be9ba6",
            "output_base64sha256": "pOCBUv15PGxeG+dCMscKmPW07iAE3Xbjlo7K5BtC3N4=",
            "output_base64sha512": "FdfmzlQ7D09VDfZU0bW1Pz5nmInRLHXKvR1qJ1U2CMnrzQgejFyIZVOVD2NgDIj4o9xRaYfiAwpLwjb3ZCClcg==",
            "output_file_mode": null,
            "output_md5": "0ee776766b82799183a41f59e9d84798",
            "output_path": "lambda_function_payload.zip",
            "output_sha": "3fb2fbe190df6964daf761f9a40f514f07be9ba6",
            "output_sha256": "a4e08152fd793c6c5e1be74232c70a98f5b4ee2004dd76e3968ecae41b42dcde",
            "output_sha512": "15d7e6ce543b0f4f550df654d1b5b53f3e679889d12c75cabd1d6a27553608c9ebcd081e8c5c886553950f63600c88f8a3dc516987e2030a4bc236f76420a572",
            "output_size": 16911233,
            "source": [],
            "source_content": null,
            "source_content_filename": null,
            "source_dir": "../build/lambda_package",
            "source_file": null,
            "type": "zip"
          },
          "sensitive_attributes": [],
          "identity_schema_version": 0
        }
      ]
    },
    {
      "mode": "managed",
      "type": "aws_glue_crawler",
      "name": "weather_crawler",
      "provider": "provider[\"registry.terraform.io/hashicorp/aws\"]",
      "instances": [
        {
          "schema_version": 0,
          "attributes": {
            "arn": "arn:aws:glue:us-east-2:176709028297:crawler/weather_data_crawler",
            "catalog_target": [],
            "classifiers": [],
            "configuration": "",
            "database_name": "weather_data_db",
            "delta_target": [],
            "description": "",
            "dynamodb_target": [],
            "hudi_target": [],
            "iceberg_target": [],
            "id": "weather_data_crawler",
            "jdbc_target": [],
            "lake_formation_configuration": [
              {
                "account_id": "",
                "use_lake_formation_credentials": false
              }
            ],
            "lineage_configuration": [
              {
                "crawler_lineage_settings": "DISABLE"
              }
            ],
            "mongodb_target": [],
            "name": "weather_data_crawler",
            "recrawl_policy": [
              {
                "recrawl_behavior": "CRAWL_EVERYTHING"
              }
            ],
            "region": "us-east-2",
            "role": "weather_glue_crawler_role",
            "s3_target": [
              {
                "connection_name": "",
                "dlq_event_queue_arn": "",
                "event_queue_arn": "",
                "exclusions": [],
                "path": "s3://weather-data-lake-bucket/curated/weather/",
                "sample_size": 0
              }
            ],
            "schedule": "cron(0 1 * * ? *)",
            "schema_change_policy": [
              {
                "delete_behavior": "DEPRECATE_IN_DATABASE",
                "update_behavior": "UPDATE_IN_DATABASE"
              }
            ],
            "security_configuration": "",
            "table_prefix": "",
            "tags": {},
            "tags_all": {}
          },
          "sensitive_attributes": [],
          "identity_schema_version": 0,
          "private": "bnVsbA==",
          "dependencies": [
            "aws_iam_role.glue_crawler_role",
            "aws_s3_bucket.data_lake"
          ]
        }
      ]
    },
    {
      "mode": "managed",
      "type": "aws_glue_job",
      "name": "weather_job",
      "provider": "provider[\"registry.terraform.io/hashicorp/aws\"]",
      "instances": [
        {
          "schema_version": 0,
          "attributes": {
            "arn": "arn:aws:glue:us-east-2:176709028297:job/weather_etl_job",
            "command": [
              {
                "name": "glueetl",
                "python_version": "3",
                "runtime": "",
                "script_location": "s3://weather-data-lake-bucket/jobs/weather_transform.py"
              }
            ],
            "connections": [],
            "default_arguments": {
              "--S3_BUCKET_NAME": "weather-data-lake-bucket"
            },
            "description": "",
            "execution_class": "",
            "execution_property": [
              {
                "max_concurrent_runs": 1
              }
            ],
            "glue_version": "4.0",
            "id": "weather_etl_job",
            "job_mode": "SCRIPT",
            "job_run_queuing_enabled": false,
            "maintenance_window": "",
            "max_capacity": 10,
            "max_retries": 0,
            "name": "weather_etl_job",
            "non_overridable_arguments": {},
            "notification_property": [],
            "number_of_workers": 10,
            "region": "us-east-2",
            "role_arn": "arn:aws:iam::176709028297:role/weather_glue_role",
            "security_configuration": "",
            "source_control_details": [],
            "tags": {},
            "tags_all": {},
            "timeout": 2881,
            "worker_type": "G.1X"
          },
          "sensitive_attributes": [],
          "identity_schema_version": 0,
          "private": "bnVsbA==",
          "dependencies": [
            "aws_iam_role.glue_role",
            "aws_s3_bucket.data_lake"
          ]
        }
      ]
    },
    {
      "mode": "managed",
      "type": "aws_glue_trigger",
      "name": "weather_job_trigger",
      "provider": "provider[\"registry.terraform.io/hashicorp/aws\"]",
      "instances": [
        {
          "schema_version": 0,
          "attributes": {
            "actions": [
              {
                "arguments": {},
                "crawler_name": "",
                "job_name": "weather_etl_job",
                "notification_property": [],
                "security_configuration": "",
                "timeout": 0
              }
            ],
            "arn": "arn:aws:glue:us-east-2:176709028297:trigger/weather_job_trigger",
            "description": "",
            "enabled": true,
            "event_batching_condition": [],
            "id": "weather_job_trigger",
            "name": "weather_job_trigger",
            "predicate": [],
            "region": "us-east-2",
            "schedule": "cron(0 0 * * ? *)",
            "start_on_creation": null,
            "state": "ACTIVATED",
            "tags": {},
            "tags_all": {},
            "timeouts": null,
            "type": "SCHEDULED",
            "workflow_name": ""
          },
          "sensitive_attributes": [],
          "identity_schema_version": 0,
          "private": "eyJlMmJmYjczMC1lY2FhLTExZTYtOGY4OC0zNDM2M2JjN2M0YzAiOnsiY3JlYXRlIjozMDAwMDAwMDAwMDAsImRlbGV0ZSI6MzAwMDAwMDAwMDAwLCJ1cGRhdGUiOjMwMDAwMDAwMDAwMH19",
          "dependencies": [
            "aws_glue_job.weather_job",
            "aws_iam_role.glue_role",
            "aws_s3_bucket.data_lake"
          ]
        }
      ]
    },
    {
      "mode": "managed",
      "type": "aws_iam_policy",
      "name": "event_bridge_policy",
      "provider": "provider[\"registry.terraform.io/hashicorp/aws\"]",
      "instances": [
        {
          "schema_version": 0,
          "attributes": {
            "arn": "arn:aws:iam::176709028297:policy/scheduler_lambda_invoke_policy",
            "attachment_count": 1,
            "description": "",
            "id": "arn:aws:iam::176709028297:policy/scheduler_lambda_invoke_policy",
            "name": "scheduler_lambda_invoke_policy",
            "name_prefix": "",
            "path": "/",
            "policy": "{\"Statement\":[{\"Action\":[\"lambda:InvokeFunction\"],\"Effect\":\"Allow\",\"Resource\":[\"arn:aws:lambda:us-east-2:176709028297:function:weather_ingestion_recife\"]}],\"Version\":\"2012-10-17\"}",
            "policy_id": "ANPASSJFNZHE6ZQXKBDEN",
            "tags": {},
            "tags_all": {}
          },
          "sensitive_attributes": [],
          "identity_schema_version": 0,
          "identity": {
            "arn": "arn:aws:iam::176709028297:policy/scheduler_lambda_invoke_policy"
          },
          "private": "bnVsbA==",
          "dependencies": [
            "aws_iam_role.lambda_execution_role",
            "aws_lambda_function.weather_ingestion_lambda",
            "aws_s3_bucket.data_lake",
            "data.archive_file.lambda_zip"
          ]
        }
      ]
    },
    {
      "mode": "managed",
      "type": "aws_iam_policy",
      "name": "glue_crawler_policy",
      "provider": "provider[\"registry.terraform.io/hashicorp/aws\"]",
      "instances": [
        {
          "schema_version": 0,
          "attributes": {
            "arn": "arn:aws:iam::176709028297:policy/weather_glue_crawler_policy",
            "attachment_count": 1,
            "description": "",
            "id": "arn:aws:iam::176709028297:policy/weather_glue_crawler_policy",
            "name": "weather_glue_crawler_policy",
            "name_prefix": "",
            "path": "/",
            "policy": "{\"Statement\":[{\"Action\":\"s3:ListBucket\",\"Effect\":\"Allow\",\"Resource\":\"arn:aws:s3:::weather-data-lake-bucket\"},{\"Action\":[\"s3:GetObject\"],\"Effect\":\"Allow\",\"Resource\":[\"arn:aws:s3:::weather-data-lake-bucket/*\"]},{\"Action\":[\"glue:CreateTable\",\"glue:UpdateTable\",\"glue:GetTable\",\"glue:GetTables\",\"glue:DeleteTable\",\"glue:CreateDatabase\",\"glue:GetDatabase\",\"glue:GetDatabases\",\"glue:UpdateDatabase\",\"glue:DeleteDatabase\"],\"Effect\":\"Allow\",\"Resource\":\"*\"},{\"Action\":[\"logs:CreateLogGroup\",\"logs:CreateLogStream\",\"logs:PutLogEvents\"],\"Effect\":\"Allow\",\"Resource\":\"arn:aws:logs:*:*:*\"}],\"Version\":\"2012-10-17\"}",
            "policy_id": "ANPASSJFNZHE3RTQONMUV",
            "tags": {},
            "tags_all": {}
          },
          "sensitive_attributes": [],
          "identity_schema_version": 0,
          "identity": {
            "arn": "arn:aws:iam::176709028297:policy/weather_glue_crawler_policy"
          },
          "private": "bnVsbA==",
          "dependencies": [
            "aws_s3_bucket.data_lake"
          ]
        }
      ]
    },
    {
      "mode": "managed",
      "type": "aws_iam_policy",
      "name": "glue_policy",
      "provider": "provider[\"registry.terraform.io/hashicorp/aws\"]",
      "instances": [
        {
          "schema_version": 0,
          "attributes": {
            "arn": "arn:aws:iam::176709028297:policy/weather_glue_policy",
            "attachment_count": 1,
            "description": "",
            "id": "arn:aws:iam::176709028297:policy/weather_glue_policy",
            "name": "weather_glue_policy",
            "name_prefix": "",
            "path": "/",
            "policy": "{\"Statement\":[{\"Action\":[\"logs:CreateLogGroup\",\"logs:CreateLogStream\",\"logs:PutLogEvents\"],\"Effect\":\"Allow\",\"Resource\":\"arn:aws:logs:*:*:*\"},{\"Action\":\"s3:ListBucket\",\"Effect\":\"Allow\",\"Resource\":\"arn:aws:s3:::weather-data-lake-bucket\"},{\"Action\":[\"s3:GetObject\",\"s3:PutObject\",\"s3:DeleteObject\"],\"Effect\":\"Allow\",\"Resource\":[\"arn:aws:s3:::weather-data-lake-bucket/*\"]},{\"Action\":[\"glue:CreateSession\",\"glue:GetSession\",\"glue:DeleteSession\",\"glue:ListSessions\",\"glue:RunStatement\",\"glue:TagResource\",\"glue:GetStatement\",\"glue:CancelStatement\",\"ec2:DescribeVpcEndpoints\",\"ec2:DescribeRouteTables\",\"ec2:CreateNetworkInterface\",\"ec2:DeleteNetworkInterface\",\"ec2:DescribeNetworkInterfaces\",\"ec2:DescribeSecurityGroups\",\"ec2:DescribeSubnets\",\"ec2:DescribeVpcAttribute\",\"codewhisperer:GenerateRecommendations\"],\"Effect\":\"Allow\",\"Resource\":\"*\"},{\"Action\":\"iam:PassRole\",\"Effect\":\"Allow\",\"Resource\":\"arn:aws:iam::176709028297:role/weather_glue_role\"}],\"Version\":\"2012-10-17\"}",
            "policy_id": "ANPASSJFNZHEZWSYB6KPY",
            "tags": {},
            "tags_all": {}
          },
          "sensitive_attributes": [],
          "identity_schema_version": 0,
          "identity": {
            "arn": "arn:aws:iam::176709028297:policy/weather_glue_policy"
          },
          "private": "bnVsbA==",
          "dependencies": [
            "aws_iam_role.glue_role",
            "aws_s3_bucket.data_lake"
          ]
        }
      ]
    },
    {
      "mode": "managed",
      "type": "aws_iam_policy",
      "name": "lambda_policy",
      "provider": "provider[\"registry.terraform.io/hashicorp/aws\"]",
      "instances": [
        {
          "schema_version": 0,
          "attributes": {
            "arn": "arn:aws:iam::176709028297:policy/weather_lambda_policy",
            "attachment_count": 1,
            "description": "",
            "id": "arn:aws:iam::176709028297:policy/weather_lambda_policy",
            "name": "weather_lambda_policy",
            "name_prefix": "",
            "path": "/",
            "policy": "{\"Statement\":[{\"Action\":[\"logs:CreateLogGroup\",\"logs:CreateLogStream\",\"logs:PutLogEvents\"],\"Effect\":\"Allow\",\"Resource\":\"arn:aws:logs:*:*:*\"},{\"Action\":[\"s3:PutObject\"],\"Effect\":\"Allow\",\"Resource\":[\"arn:aws:s3:::weather-data-lake-bucket/*\"]}],\"Version\":\"2012-10-17\"}",
            "policy_id": "ANPASSJFNZHEZHPHVFRCH",
            "tags": {},
            "tags_all": {}
          },
          "sensitive_attributes": [],
          "identity_schema_version": 0,
          "identity": {
            "arn": "arn:aws:iam::176709028297:policy/weather_lambda_policy"
          },
          "private": "bnVsbA==",
          "dependencies": [
            "aws_s3_bucket.data_lake"
          ]
        }
      ]
    },
    {
      "mode": "managed",
      "type": "aws_iam_role",
      "name": "event_bridge_role",
      "provider": "provider[\"registry.terraform.io/hashicorp/aws\"]",
      "instances": [
        {
          "schema_version": 0,
          "attributes": {
            "arn": "arn:aws:iam::176709028297:role/terraform-20251024164900231400000001",
            "assume_role_policy": "{\"Statement\":[{\"Action\":\"sts:AssumeRole\",\"Effect\":\"Allow\",\"Principal\":{\"Service\":\"scheduler.amazonaws.com\"},\"Sid\":\"\"}],\"Version\":\"2012-10-17\"}",
            "create_date": "2025-10-24T16:49:00Z",
            "description": "",
            "force_detach_policies": false,
            "id": "terraform-20251024164900231400000001",
            "inline_policy": [],
            "managed_policy_arns": [
              "arn:aws:iam::176709028297:policy/scheduler_lambda_invoke_policy"
            ],
            "max_session_duration": 3600,
            "name": "terraform-20251024164900231400000001",
            "name_prefix": "terraform-",
            "path": "/",
            "permissions_boundary": "",
            "tags": {},
            "tags_all": {},
            "unique_id": "AROASSJFNZHERYHDRMI4D"
          },
          "sensitive_attributes": [],
          "identity_schema_version": 0,
          "identity": {
            "account_id": "176709028297",
            "name": "terraform-20251024164900231400000001"
          },
          "private": "bnVsbA=="
        }
      ]
    },
    {
      "mode": "managed",
      "type": "aws_iam_role",
      "name": "glue_crawler_role",
      "provider": "provider[\"registry.terraform.io/hashicorp/aws\"]",
      "instances": [
        {
          "schema_version": 0,
          "attributes": {
            "arn": "arn:aws:iam::176709028297:role/weather_glue_crawler_role",
            "assume_role_policy": "{\"Statement\":[{\"Action\":\"sts:AssumeRole\",\"Effect\":\"Allow\",\"Principal\":{\"Service\":\"glue.amazonaws.com\"},\"Sid\":\"\"}],\"Version\":\"2012-10-17\"}",
            "create_date": "2025-10-31T20:55:38Z",
            "description": "",
            "force_detach_policies": false,
            "id": "weather_glue_crawler_role",
            "inline_policy": [],
            "managed_policy_arns": [
              "arn:aws:iam::176709028297:policy/weather_glue_crawler_policy"
            ],
            "max_session_duration": 3600,
            "name": "weather_glue_crawler_role",
            "name_prefix": "",
            "path": "/",
            "permissions_boundary": "",
            "tags": {},
            "tags_all": {},
            "unique_id": "AROASSJFNZHETX3HEXSDU"
          },
          "sensitive_attributes": [],
          "identity_schema_version": 0,
          "identity": {
            "account_id": "176709028297",
            "name": "weather_glue_crawler_role"
          },
          "private": "bnVsbA=="
        }
      ]
    },
    {
      "mode": "managed",
      "type": "aws_iam_role",
      "name": "glue_role",
      "provider": "provider[\"registry.terraform.io/hashicorp/aws\"]",
      "instances": [
        {
          "schema_version": 0,
          "attributes": {
            "arn": "arn:aws:iam::176709028297:role/weather_glue_role",
            "assume_role_policy": "{\"Statement\":[{\"Action\":\"sts:AssumeRole\",\"Effect\":\"Allow\",\"Principal\":{\"Service\":\"glue.amazonaws.com\"},\"Sid\":\"\"}],\"Version\":\"2012-10-17\"}",
            "create_date": "2025-10-25T21:17:05Z",
            "description": "",
            "force_detach_policies": false,
            "id": "weather_glue_role",
            "inline_policy": [],
            "managed_policy_arns": [
              "arn:aws:iam::176709028297:policy/weather_glue_policy"
            ],
            "max_session_duration": 3600,
            "name": "weather_glue_role",
            "name_prefix": "",
            "path": "/",
            "permissions_boundary": "",
            "tags": {},
            "tags_all": {},
            "unique_id": "AROASSJFNZHEWNSHGDZO4"
          },
          "sensitive_attributes": [],
          "identity_schema_version": 0,
          "identity": {
            "account_id": "176709028297",
            "name": "weather_glue_role"
          },
          "private": "bnVsbA=="
        }
      ]
    },
    {
      "mode": "managed",
      "type": "aws_iam_role",
      "name": "lambda_execution_role",
      "provider": "provider[\"registry.terraform.io/hashicorp/aws\"]",
      "instances": [
        {
          "schema_version": 0,
          "attributes": {
            "arn": "arn:aws:iam::176709028297:role/terraform-20251014031241703800000001",
            "assume_role_policy": "{\"Statement\":[{\"Action\":\"sts:AssumeRole\",\"Effect\":\"Allow\",\"Principal\":{\"Service\":\"lambda.amazonaws.com\"},\"Sid\":\"\"}],\"Version\":\"2012-10-17\"}",
            "create_date": "2025-10-14T03:12:42Z",
            "description": "",
            "force_detach_policies": false,
            "id": "terraform-20251014031241703800000001",
            "inline_policy": [],
            "managed_policy_arns": [
              "arn:aws:iam::176709028297:policy/weather_lambda_policy"
            ],
            "max_session_duration": 3600,
            "name": "terraform-20251014031241703800000001",
            "name_prefix": "terraform-",
            "path": "/",
            "permissions_boundary": "",
            "tags": {},
            "tags_all": {},
            "unique_id": "AROASSJFNZHEXAUD56BKE"
          },
          "sensitive_attributes": [],
          "identity_schema_version": 0,
          "identity": {
            "account_id": "176709028297",
            "name": "terraform-20251014031241703800000001"
          },
          "private": "bnVsbA=="
        }
      ]
    },
    {
      "mode": "managed",
      "type": "aws_iam_role_policy_attachment",
      "name": "event_bridge_policy_attachment",
      "provider": "provider[\"registry.terraform.io/hashicorp/aws\"]",
      "instances": [
        {
          "schema_version": 0,
          "attributes": {
            "id": "terraform-20251024164900231400000001/arn:aws:iam::176709028297:policy/scheduler_lambda_invoke_policy",
            "policy_arn": "arn:aws:iam::176709028297:policy/scheduler_lambda_invoke_policy",
            "role": "terraform-20251024164900231400000001"
          },
          "sensitive_attributes": [],
          "identity_schema_version": 0,
          "identity": {
            "account_id": "176709028297",
            "policy_arn": "arn:aws:iam::176709028297:policy/scheduler_lambda_invoke_policy",
            "role": "terraform-20251024164900231400000001"
          },
          "private": "bnVsbA==",
          "dependencies": [
            "aws_iam_policy.event_bridge_policy",
            "aws_iam_role.event_bridge_role",
            "aws_iam_role.lambda_execution_role",
            "aws_lambda_function.weather_ingestion_lambda",
            "aws_s3_bucket.data_lake",
            "data.archive_file.lambda_zip"
          ]
        }
      ]
    },
    {
      "mode": "managed",
      "type": "aws_iam_role_policy_attachment",
      "name": "glue_crawler_policy_attachment",
      "provider": "provider[\"registry.terraform.io/hashicorp/aws\"]",
      "instances": [
        {
          "schema_version": 0,
          "attributes": {
            "id": "weather_glue_crawler_role/arn:aws:iam::176709028297:policy/weather_glue_crawler_policy",
            "policy_arn": "arn:aws:iam::176709028297:policy/weather_glue_crawler_policy",
            "role": "weather_glue_crawler_role"
          },
          "sensitive_attributes": [],
          "identity_schema_version": 0,
          "identity": {
            "account_id": "176709028297",
            "policy_arn": "arn:aws:iam::176709028297:policy/weather_glue_crawler_policy",
            "role": "weather_glue_crawler_role"
          },
          "private": "bnVsbA==",
          "dependencies": [
            "aws_iam_policy.glue_crawler_policy",
            "aws_iam_role.glue_crawler_role",
            "aws_s3_bucket.data_lake"
          ]
        }
      ]
    },
    {
      "mode": "managed",
      "type": "aws_iam_role_policy_attachment",
      "name": "glue_policy_attachment",
      "provider": "provider[\"registry.terraform.io/hashicorp/aws\"]",
      "instances": [
        {
          "schema_version": 0,
          "attributes": {
            "id": "weather_glue_role/arn:aws:iam::176709028297:policy/weather_glue_policy",
            "policy_arn": "arn:aws:iam::176709028297:policy/weather_glue_policy",
            "role": "weather_glue_role"
          },
          "sensitive_attributes": [],
          "identity_schema_version": 0,
          "identity": {
            "account_id": "176709028297",
            "policy_arn": "arn:aws:iam::176709028297:policy/weather_glue_policy",
            "role": "weather_glue_role"
          },
          "private": "bnVsbA==",
          "dependencies": [
            "aws_iam_policy.glue_policy",
            "aws_iam_role.glue_role",
            "aws_s3_bucket.data_lake"
          ]
        }
      ]
    },
    {
      "mode": "managed",
      "type": "aws_iam_role_policy_attachment",
      "name": "lambda_policy_attachment",
      "provider": "provider[\"registry.terraform.io/hashicorp/aws\"]",
      "instances": [
        {
          "schema_version": 0,
          "attributes": {
            "id": "terraform-20251014031241703800000001/arn:aws:iam::176709028297:policy/weather_lambda_policy",
            "policy_arn": "arn:aws:iam::176709028297:policy/weather_lambda_policy",
            "role": "terraform-20251014031241703800000001"
          },
          "sensitive_attributes": [],
          "identity_schema_version": 0,
          "identity": {
            "account_id": "176709028297",
            "policy_arn": "arn:aws:iam::176709028297:policy/weather_lambda_policy",
            "role": "terraform-20251014031241703800000001"
          },
          "private": "bnVsbA==",
          "dependencies": [
            "aws_iam_policy.lambda_policy",
            "aws_iam_role.lambda_execution_role",
            "aws_s3_bucket.data_lake"
          ]
        }
      ]
    },
    {
      "mode": "managed",
      "type": "aws_lambda_function",
      "name": "weather_ingestion_lambda",
      "provider": "provider[\"registry.terraform.io/hashicorp/aws\"]",
      "instances": [
        {
          "schema_version": 0,
          "attributes": {
            "architectures": [
              "x86_64"
            ],
            "arn": "arn:aws:lambda:us-east-2:176709028297:function:weather_ingestion_recife",
            "code_sha256": "pOCBUv15PGxeG+dCMscKmPW07iAE3Xbjlo7K5BtC3N4=",
            "code_signing_config_arn": "",
            "dead_letter_config": [],
            "description": "",
            "environment": [
              {
                "variables": {
                  "S3_BUCKET_NAME": "weather-data-lake-bucket",
                  "WEATHER_API_KEY": "60b7efadac6f2c4d70273f5abdb0f5a8"
                }
              }
            ],
            "ephemeral_storage": [
              {
                "size": 512
              }
            ],
            "file_system_config": [],
            "filename": "lambda_function_payload.zip",
            "function_name": "weather_ingestion_recife",
            "handler": "index.lambda_handler",
            "id": "weather_ingestion_recife",
            "image_config": [],
            "image_uri": "",
            "invoke_arn": "arn:aws:apigateway:us-east-2:lambda:path/2015-03-31/functions/arn:aws:lambda:us-east-2:176709028297:function:weather_ingestion_recife/invocations",
            "kms_key_arn": "",
            "last_modified": "2025-10-25T17:10:28.000+0000",
            "layers": [],
            "logging_config": [
              {
                "application_log_level": "",
                "log_format": "Text",
                "log_group": "/aws/lambda/weather_ingestion_recife",
                "system_log_level": ""
              }
            ],
            "memory_size": 128,
            "package_type": "Zip",
            "publish": false,
            "qualified_arn": "arn:aws:lambda:us-east-2:176709028297:function:weather_ingestion_recife:$LATEST",
            "qualified_invoke_arn": "arn:aws:apigateway:us-east-2:lambda:path/2015-03-31/functions/arn:aws:lambda:us-east-2:176709028297:function:weather_ingestion_recife:$LATEST/invocations",
            "region": "us-east-2",
            "replace_security_groups_on_destroy": null,
            "replacement_security_group_ids": null,
            "reserved_concurrent_executions": -1,
            "role": "arn:aws:iam::176709028297:role/terraform-20251014031241703800000001",
            "runtime": "python3.9",
            "s3_bucket": null,
            "s3_key": null,
            "s3_object_version": null,
            "signing_job_arn": "",
            "signing_profile_version_arn": "",
            "skip_destroy": false,
            "snap_start": [],
            "source_code_hash": "pOCBUv15PGxeG+dCMscKmPW07iAE3Xbjlo7K5BtC3N4=",
            "source_code_size": 16911233,
            "source_kms_key_arn": "",
            "tags": {},
            "tags_all": {},
            "timeout": 30,
            "timeouts": null,
            "tracing_config": [
              {
                "mode": "PassThrough"
              }
            ],
            "version": "$LATEST",
            "vpc_config": []
          },
          "sensitive_attributes": [
            [
              {
                "type": "get_attr",
                "value": "environment"
              },
              {
                "type": "index",
                "value": {
                  "value": 0,
                  "type": "number"
                }
              },
              {
                "type": "get_attr",
                "value": "variables"
              },
              {
                "type": "index",
                "value": {
                  "value": "WEATHER_API_KEY",
                  "type": "string"
                }
              }
            ]
          ],
          "identity_schema_version": 0,
          "identity": {
            "account_id": "176709028297",
            "function_name": "weather_ingestion_recife",
            "region": "us-east-2"
          },
          "private": "eyJlMmJmYjczMC1lY2FhLTExZTYtOGY4OC0zNDM2M2JjN2M0YzAiOnsiY3JlYXRlIjo2MDAwMDAwMDAwMDAsImRlbGV0ZSI6NjAwMDAwMDAwMDAwLCJ1cGRhdGUiOjYwMDAwMDAwMDAwMH19",
          "dependencies": [
            "aws_iam_role.lambda_execution_role",
            "aws_s3_bucket.data_lake",
            "data.archive_file.lambda_zip"
          ]
        }
      ]
    },
    {
      "mode": "managed",
      "type": "aws_s3_bucket",
      "name": "data_lake",
      "provider": "provider[\"registry.terraform.io/hashicorp/aws\"]",
      "instances": [
        {
          "schema_version": 0,
          "attributes": {
            "acceleration_status": "",
            "acl": null,
            "arn": "arn:aws:s3:::weather-data-lake-bucket",
            "bucket": "weather-data-lake-bucket",
            "bucket_domain_name": "weather-data-lake-bucket.s3.amazonaws.com",
            "bucket_prefix": "",
            "bucket_region": "us-east-2",
            "bucket_regional_domain_name": "weather-data-lake-bucket.s3.us-east-2.amazonaws.com",
            "cors_rule": [],
            "force_destroy": false,
            "grant": [
              {
                "id": "105b9b57af51a5f8d3cc81a8517bef8b0922434bead8043790c5240dec3593d2",
                "permissions": [
                  "FULL_CONTROL"
                ],
                "type": "CanonicalUser",
                "uri": ""
              }
            ],
            "hosted_zone_id": "Z2O1EMRO9K5GLX",
            "id": "weather-data-lake-bucket",
            "lifecycle_rule": [],
            "logging": [],
            "object_lock_configuration": [],
            "object_lock_enabled": false,
            "policy": "",
            "region": "us-east-2",
            "replication_configuration": [],
            "request_payer": "BucketOwner",
            "server_side_encryption_configuration": [
              {
                "rule": [
                  {
                    "apply_server_side_encryption_by_default": [
                      {
                        "kms_master_key_id": "",
                        "sse_algorithm": "AES256"
                      }
                    ],
                    "bucket_key_enabled": false
                  }
                ]
              }
            ],
            "tags": {
              "Name": "Weather Data Lake Bucket",
              "Project": "WeatherDataLake",
              "owner": "DataEngineeringTeam"
            },
            "tags_all": {
              "Name": "Weather Data Lake Bucket",
              "Project": "WeatherDataLake",
              "owner": "DataEngineeringTeam"
            },
            "timeouts": null,
            "versioning": [
              {
                "enabled": false,
                "mfa_delete": false
              }
            ],
            "website": [],
            "website_domain": null,
            "website_endpoint": null
          },
          "sensitive_attributes": [],
          "identity_schema_version": 0,
          "identity": {
            "account_id": "176709028297",
            "bucket": "weather-data-lake-bucket",
            "region": "us-east-2"
          },
          "private": "eyJlMmJmYjczMC1lY2FhLTExZTYtOGY4OC0zNDM2M2JjN2M0YzAiOnsiY3JlYXRlIjoxMjAwMDAwMDAwMDAwLCJkZWxldGUiOjM2MDAwMDAwMDAwMDAsInJlYWQiOjEyMDAwMDAwMDAwMDAsInVwZGF0ZSI6MTIwMDAwMDAwMDAwMH19"
        }
      ]
    },
    {
      "mode": "managed",
      "type": "aws_s3_object",
      "name": "glue_etl_script",
      "provider": "provider[\"registry.terraform.io/hashicorp/aws\"]",
      "instances": [
        {
          "schema_version": 0,
          "attributes": {
            "acl": null,
            "arn": "arn:aws:s3:::weather-data-lake-bucket/jobs/weather_transform.py",
            "bucket": "weather-data-lake-bucket",
            "bucket_key_enabled": false,
            "cache_control": "",
            "checksum_algorithm": null,
            "checksum_crc32": "",
            "checksum_crc32c": "",
            "checksum_crc64nvme": "",
            "checksum_sha1": "",
            "checksum_sha256": "",
            "content": null,
            "content_base64": null,
            "content_disposition": "",
            "content_encoding": "",
            "content_language": "",
            "content_type": "application/octet-stream; charset=UTF-8",
            "etag": "ccdb31f06b9195b6ba919a158cf9e1c6",
            "force_destroy": false,
            "id": "weather-data-lake-bucket/jobs/weather_transform.py",
            "key": "jobs/weather_transform.py",
            "kms_key_id": null,
            "metadata": {},
            "object_lock_legal_hold_status": "",
            "object_lock_mode": "",
            "object_lock_retain_until_date": "",
            "override_provider": [],
            "region": "us-east-2",
            "server_side_encryption": "AES256",
            "source": "../src/glue_transform/transform_script.py",
            "source_hash": null,
            "storage_class": "STANDARD",
            "tags": {},
            "tags_all": {},
            "version_id": "",
            "website_redirect": ""
          },
          "sensitive_attributes": [],
          "identity_schema_version": 0,
          "identity": {
            "account_id": "176709028297",
            "bucket": "weather-data-lake-bucket",
            "key": "jobs/weather_transform.py",
            "region": "us-east-2"
          },
          "private": "bnVsbA==",
          "dependencies": [
            "aws_s3_bucket.data_lake"
          ]
        }
      ]
    },
    {
      "mode": "managed",
      "type": "aws_scheduler_schedule",
      "name": "weather_data_schedule",
      "provider": "provider[\"registry.terraform.io/hashicorp/aws\"]",
      "instances": [
        {
          "schema_version": 0,
          "attributes": {
            "action_after_completion": "NONE",
            "arn": "arn:aws:scheduler:us-east-2:176709028297:schedule/default/trigger_weather_lambda",
            "description": "",
            "end_date": "",
            "flexible_time_window": [
              {
                "maximum_window_in_minutes": 0,
                "mode": "OFF"
              }
            ],
            "group_name": "default",
            "id": "default/trigger_weather_lambda",
            "kms_key_arn": "",
            "name": "trigger_weather_lambda",
            "name_prefix": "",
            "region": "us-east-2",
            "schedule_expression": "rate(15 minute)",
            "schedule_expression_timezone": "UTC",
            "start_date": "",
            "state": "ENABLED",
            "target": [
              {
                "arn": "arn:aws:lambda:us-east-2:176709028297:function:weather_ingestion_recife",
                "dead_letter_config": [],
                "ecs_parameters": [],
                "eventbridge_parameters": [],
                "input": "",
                "kinesis_parameters": [],
                "retry_policy": [
                  {
                    "maximum_event_age_in_seconds": 86400,
                    "maximum_retry_attempts": 185
                  }
                ],
                "role_arn": "arn:aws:iam::176709028297:role/terraform-20251024164900231400000001",
                "sagemaker_pipeline_parameters": [],
                "sqs_parameters": []
              }
            ]
          },
          "sensitive_attributes": [],
          "identity_schema_version": 0,
          "private": "bnVsbA==",
          "dependencies": [
            "aws_iam_role.event_bridge_role",
            "aws_iam_role.lambda_execution_role",
            "aws_lambda_function.weather_ingestion_lambda",
            "aws_s3_bucket.data_lake",
            "data.archive_file.lambda_zip"
          ]
        }
      ]
    }
  ],
  "check_results": null
}
